// !$*UTF8*$!
{
	archiveVersion = 1;
	classes = {
	};
	objectVersion = 56;
	objects = {

/* Begin PBXBuildFile section */
		BDB34A952A7921FB00CEB4E3 /* SF-Pro-Display-Bold.otf in Resources */ = {isa = PBXBuildFile; fileRef = BDB34A942A7921FB00CEB4E3 /* SF-Pro-Display-Bold.otf */; };
		BDB34A972A79222E00CEB4E3 /* SF-Pro-Display-Regular.otf in Resources */ = {isa = PBXBuildFile; fileRef = BDB34A962A79222E00CEB4E3 /* SF-Pro-Display-Regular.otf */; };
		BDB34A992A79223600CEB4E3 /* SF-Pro-Display-Medium.ttf in Resources */ = {isa = PBXBuildFile; fileRef = BDB34A982A79223600CEB4E3 /* SF-Pro-Display-Medium.ttf */; };
		BDB34A9C2A7922A500CEB4E3 /* CustomFonts.swift in Sources */ = {isa = PBXBuildFile; fileRef = BDB34A9B2A7922A500CEB4E3 /* CustomFonts.swift */; };
		BDB34A9E2A7937B200CEB4E3 /* SkillCell.swift in Sources */ = {isa = PBXBuildFile; fileRef = BDB34A9D2A7937B200CEB4E3 /* SkillCell.swift */; };
		BDB34AA02A797D2500CEB4E3 /* AddSkillCell.swift in Sources */ = {isa = PBXBuildFile; fileRef = BDB34A9F2A797D2500CEB4E3 /* AddSkillCell.swift */; };
		BDCEC0EB2A78EB4C0008CA34 /* AppDelegate.swift in Sources */ = {isa = PBXBuildFile; fileRef = BDCEC0EA2A78EB4C0008CA34 /* AppDelegate.swift */; };
		BDCEC0ED2A78EB4C0008CA34 /* SceneDelegate.swift in Sources */ = {isa = PBXBuildFile; fileRef = BDCEC0EC2A78EB4C0008CA34 /* SceneDelegate.swift */; };
		BDCEC0EF2A78EB4C0008CA34 /* ResumeViewController.swift in Sources */ = {isa = PBXBuildFile; fileRef = BDCEC0EE2A78EB4C0008CA34 /* ResumeViewController.swift */; };
		BDCEC0F42A78EB4D0008CA34 /* Assets.xcassets in Resources */ = {isa = PBXBuildFile; fileRef = BDCEC0F32A78EB4D0008CA34 /* Assets.xcassets */; };
		BDCEC0F72A78EB4D0008CA34 /* LaunchScreen.storyboard in Resources */ = {isa = PBXBuildFile; fileRef = BDCEC0F52A78EB4D0008CA34 /* LaunchScreen.storyboard */; };
/* End PBXBuildFile section */

/* Begin PBXFileReference section */
		BDB34A942A7921FB00CEB4E3 /* SF-Pro-Display-Bold.otf */ = {isa = PBXFileReference; lastKnownFileType = file; path = "SF-Pro-Display-Bold.otf"; sourceTree = "<group>"; };
		BDB34A962A79222E00CEB4E3 /* SF-Pro-Display-Regular.otf */ = {isa = PBXFileReference; lastKnownFileType = file; path = "SF-Pro-Display-Regular.otf"; sourceTree = "<group>"; };
		BDB34A982A79223600CEB4E3 /* SF-Pro-Display-Medium.ttf */ = {isa = PBXFileReference; lastKnownFileType = file; path = "SF-Pro-Display-Medium.ttf"; sourceTree = "<group>"; };
		BDB34A9B2A7922A500CEB4E3 /* CustomFonts.swift */ = {isa = PBXFileReference; lastKnownFileType = sourcecode.swift; path = CustomFonts.swift; sourceTree = "<group>"; };
		BDB34A9D2A7937B200CEB4E3 /* SkillCell.swift */ = {isa = PBXFileReference; lastKnownFileType = sourcecode.swift; path = SkillCell.swift; sourceTree = "<group>"; };
		BDB34A9F2A797D2500CEB4E3 /* AddSkillCell.swift */ = {isa = PBXFileReference; lastKnownFileType = sourcecode.swift; path = AddSkillCell.swift; sourceTree = "<group>"; };
		BDCEC0E72A78EB4C0008CA34 /* Resume.app */ = {isa = PBXFileReference; explicitFileType = wrapper.application; includeInIndex = 0; path = Resume.app; sourceTree = BUILT_PRODUCTS_DIR; };
		BDCEC0EA2A78EB4C0008CA34 /* AppDelegate.swift */ = {isa = PBXFileReference; lastKnownFileType = sourcecode.swift; path = AppDelegate.swift; sourceTree = "<group>"; };
		BDCEC0EC2A78EB4C0008CA34 /* SceneDelegate.swift */ = {isa = PBXFileReference; lastKnownFileType = sourcecode.swift; path = SceneDelegate.swift; sourceTree = "<group>"; };
		BDCEC0EE2A78EB4C0008CA34 /* ResumeViewController.swift */ = {isa = PBXFileReference; lastKnownFileType = sourcecode.swift; path = ResumeViewController.swift; sourceTree = "<group>"; };
		BDCEC0F32A78EB4D0008CA34 /* Assets.xcassets */ = {isa = PBXFileReference; lastKnownFileType = folder.assetcatalog; path = Assets.xcassets; sourceTree = "<group>"; };
		BDCEC0F62A78EB4D0008CA34 /* Base */ = {isa = PBXFileReference; lastKnownFileType = file.storyboard; name = Base; path = Base.lproj/LaunchScreen.storyboard; sourceTree = "<group>"; };
		BDCEC0F82A78EB4D0008CA34 /* Info.plist */ = {isa = PBXFileReference; lastKnownFileType = text.plist.xml; path = Info.plist; sourceTree = "<group>"; };
/* End PBXFileReference section */

/* Begin PBXFrameworksBuildPhase section */
		BDCEC0E42A78EB4C0008CA34 /* Frameworks */ = {
			isa = PBXFrameworksBuildPhase;
			buildActionMask = 2147483647;
			files = (
			);
			runOnlyForDeploymentPostprocessing = 0;
		};
/* End PBXFrameworksBuildPhase section */

/* Begin PBXGroup section */
		BDB34A9A2A79228A00CEB4E3 /* Fonts */ = {
			isa = PBXGroup;
			children = (
				BDB34A9B2A7922A500CEB4E3 /* CustomFonts.swift */,
				BDB34A942A7921FB00CEB4E3 /* SF-Pro-Display-Bold.otf */,
				BDB34A982A79223600CEB4E3 /* SF-Pro-Display-Medium.ttf */,
				BDB34A962A79222E00CEB4E3 /* SF-Pro-Display-Regular.otf */,
			);
			path = Fonts;
			sourceTree = "<group>";
		};
		BDB34AA12A79836300CEB4E3 /* Cells */ = {
			isa = PBXGroup;
			children = (
				BDB34A9F2A797D2500CEB4E3 /* AddSkillCell.swift */,
				BDB34A9D2A7937B200CEB4E3 /* SkillCell.swift */,
			);
			path = Cells;
			sourceTree = "<group>";
		};
		BDCEC0DE2A78EB4C0008CA34 = {
			isa = PBXGroup;
			children = (
				BDCEC0E92A78EB4C0008CA34 /* Resume */,
				BDCEC0E82A78EB4C0008CA34 /* Products */,
			);
			sourceTree = "<group>";
		};
		BDCEC0E82A78EB4C0008CA34 /* Products */ = {
			isa = PBXGroup;
			children = (
				BDCEC0E72A78EB4C0008CA34 /* Resume.app */,
			);
			name = Products;
			sourceTree = "<group>";
		};
		BDCEC0E92A78EB4C0008CA34 /* Resume */ = {
			isa = PBXGroup;
			children = (
				BDCEC0EA2A78EB4C0008CA34 /* AppDelegate.swift */,
				BDCEC0EC2A78EB4C0008CA34 /* SceneDelegate.swift */,
				BDCEC0EE2A78EB4C0008CA34 /* ResumeViewController.swift */,
				BDB34AA12A79836300CEB4E3 /* Cells */,
				BDCEC0F32A78EB4D0008CA34 /* Assets.xcassets */,
				BDCEC0F52A78EB4D0008CA34 /* LaunchScreen.storyboard */,
				BDCEC0F82A78EB4D0008CA34 /* Info.plist */,
				BDB34A9A2A79228A00CEB4E3 /* Fonts */,
			);
			path = Resume;
			sourceTree = "<group>";
		};
/* End PBXGroup section */

/* Begin PBXNativeTarget section */
		BDCEC0E62A78EB4C0008CA34 /* Resume */ = {
			isa = PBXNativeTarget;
			buildConfigurationList = BDCEC0FB2A78EB4D0008CA34 /* Build configuration list for PBXNativeTarget "Resume" */;
			buildPhases = (
				BDCEC0E32A78EB4C0008CA34 /* Sources */,
				BDCEC0E42A78EB4C0008CA34 /* Frameworks */,
				BDCEC0E52A78EB4C0008CA34 /* Resources */,
			);
			buildRules = (
			);
			dependencies = (
			);
			name = Resume;
			productName = Resume;
			productReference = BDCEC0E72A78EB4C0008CA34 /* Resume.app */;
			productType = "com.apple.product-type.application";
		};
/* End PBXNativeTarget section */

/* Begin PBXProject section */
		BDCEC0DF2A78EB4C0008CA34 /* Project object */ = {
			isa = PBXProject;
			attributes = {
				BuildIndependentTargetsInParallel = 1;
				LastSwiftUpdateCheck = 1400;
				LastUpgradeCheck = 1400;
				TargetAttributes = {
					BDCEC0E62A78EB4C0008CA34 = {
						CreatedOnToolsVersion = 14.0.1;
					};
				};
			};
			buildConfigurationList = BDCEC0E22A78EB4C0008CA34 /* Build configuration list for PBXProject "Resume" */;
			compatibilityVersion = "Xcode 14.0";
			developmentRegion = en;
			hasScannedForEncodings = 0;
			knownRegions = (
				en,
				Base,
			);
			mainGroup = BDCEC0DE2A78EB4C0008CA34;
			productRefGroup = BDCEC0E82A78EB4C0008CA34 /* Products */;
			projectDirPath = "";
			projectRoot = "";
			targets = (
				BDCEC0E62A78EB4C0008CA34 /* Resume */,
			);
		};
/* End PBXProject section */

/* Begin PBXResourcesBuildPhase section */
		BDCEC0E52A78EB4C0008CA34 /* Resources */ = {
			isa = PBXResourcesBuildPhase;
			buildActionMask = 2147483647;
			files = (
				BDCEC0F72A78EB4D0008CA34 /* LaunchScreen.storyboard in Resources */,
				BDCEC0F42A78EB4D0008CA34 /* Assets.xcassets in Resources */,
				BDB34A972A79222E00CEB4E3 /* SF-Pro-Display-Regular.otf in Resources */,
				BDB34A952A7921FB00CEB4E3 /* SF-Pro-Display-Bold.otf in Resources */,
				BDB34A992A79223600CEB4E3 /* SF-Pro-Display-Medium.ttf in Resources */,
			);
			runOnlyForDeploymentPostprocessing = 0;
		};
/* End PBXResourcesBuildPhase section */

/* Begin PBXSourcesBuildPhase section */
		BDCEC0E32A78EB4C0008CA34 /* Sources */ = {
			isa = PBXSourcesBuildPhase;
			buildActionMask = 2147483647;
			files = (
				BDCEC0EF2A78EB4C0008CA34 /* ResumeViewController.swift in Sources */,
				BDCEC0EB2A78EB4C0008CA34 /* AppDelegate.swift in Sources */,
				BDB34A9C2A7922A500CEB4E3 /* CustomFonts.swift in Sources */,
				BDB34A9E2A7937B200CEB4E3 /* SkillCell.swift in Sources */,
				BDCEC0ED2A78EB4C0008CA34 /* SceneDelegate.swift in Sources */,
				BDB34AA02A797D2500CEB4E3 /* AddSkillCell.swift in Sources */,
			);
			runOnlyForDeploymentPostprocessing = 0;
		};
/* End PBXSourcesBuildPhase section */

/* Begin PBXVariantGroup section */
		BDCEC0F52A78EB4D0008CA34 /* LaunchScreen.storyboard */ = {
			isa = PBXVariantGroup;
			children = (
				BDCEC0F62A78EB4D0008CA34 /* Base */,
			);
			name = LaunchScreen.storyboard;
			sourceTree = "<group>";
		};
/* End PBXVariantGroup section */

/* Begin XCBuildConfiguration section */
		BDCEC0F92A78EB4D0008CA34 /* Debug */ = {
			isa = XCBuildConfiguration;
			buildSettings = {
				ALWAYS_SEARCH_USER_PATHS = NO;
				CLANG_ANALYZER_NONNULL = YES;
				CLANG_ANALYZER_NUMBER_OBJECT_CONVERSION = YES_AGGRESSIVE;
				CLANG_CXX_LANGUAGE_STANDARD = "gnu++20";
				CLANG_ENABLE_MODULES = YES;
				CLANG_ENABLE_OBJC_ARC = YES;
				CLANG_ENABLE_OBJC_WEAK = YES;
				CLANG_WARN_BLOCK_CAPTURE_AUTORELEASING = YES;
				CLANG_WARN_BOOL_CONVERSION = YES;
				CLANG_WARN_COMMA = YES;
				CLANG_WARN_CONSTANT_CONVERSION = YES;
				CLANG_WARN_DEPRECATED_OBJC_IMPLEMENTATIONS = YES;
				CLANG_WARN_DIRECT_OBJC_ISA_USAGE = YES_ERROR;
				CLANG_WARN_DOCUMENTATION_COMMENTS = YES;
				CLANG_WARN_EMPTY_BODY = YES;
				CLANG_WARN_ENUM_CONVERSION = YES;
				CLANG_WARN_INFINITE_RECURSION = YES;
				CLANG_WARN_INT_CONVERSION = YES;
				CLANG_WARN_NON_LITERAL_NULL_CONVERSION = YES;
				CLANG_WARN_OBJC_IMPLICIT_RETAIN_SELF = YES;
				CLANG_WARN_OBJC_LITERAL_CONVERSION = YES;
				CLANG_WARN_OBJC_ROOT_CLASS = YES_ERROR;
				CLANG_WARN_QUOTED_INCLUDE_IN_FRAMEWORK_HEADER = YES;
				CLANG_WARN_RANGE_LOOP_ANALYSIS = YES;
				CLANG_WARN_STRICT_PROTOTYPES = YES;
				CLANG_WARN_SUSPICIOUS_MOVE = YES;
				CLANG_WARN_UNGUARDED_AVAILABILITY = YES_AGGRESSIVE;
				CLANG_WARN_UNREACHABLE_CODE = YES;
				CLANG_WARN__DUPLICATE_METHOD_MATCH = YES;
				COPY_PHASE_STRIP = NO;
				DEBUG_INFORMATION_FORMAT = dwarf;
				ENABLE_STRICT_OBJC_MSGSEND = YES;
				ENABLE_TESTABILITY = YES;
				GCC_C_LANGUAGE_STANDARD = gnu11;
				GCC_DYNAMIC_NO_PIC = NO;
				GCC_NO_COMMON_BLOCKS = YES;
				GCC_OPTIMIZATION_LEVEL = 0;
				GCC_PREPROCESSOR_DEFINITIONS = (
					"DEBUG=1",
					"$(inherited)",
				);
				GCC_WARN_64_TO_32_BIT_CONVERSION = YES;
				GCC_WARN_ABOUT_RETURN_TYPE = YES_ERROR;
				GCC_WARN_UNDECLARED_SELECTOR = YES;
				GCC_WARN_UNINITIALIZED_AUTOS = YES_AGGRESSIVE;
				GCC_WARN_UNUSED_FUNCTION = YES;
				GCC_WARN_UNUSED_VARIABLE = YES;
				IPHONEOS_DEPLOYMENT_TARGET = 16.0;
				MTL_ENABLE_DEBUG_INFO = INCLUDE_SOURCE;
				MTL_FAST_MATH = YES;
				ONLY_ACTIVE_ARCH = YES;
				SDKROOT = iphoneos;
				SWIFT_ACTIVE_COMPILATION_CONDITIONS = DEBUG;
				SWIFT_OPTIMIZATION_LEVEL = "-Onone";
			};
			name = Debug;
		};
		BDCEC0FA2A78EB4D0008CA34 /* Release */ = {
			isa = XCBuildConfiguration;
			buildSettings = {
				ALWAYS_SEARCH_USER_PATHS = NO;
				CLANG_ANALYZER_NONNULL = YES;
				CLANG_ANALYZER_NUMBER_OBJECT_CONVERSION = YES_AGGRESSIVE;
				CLANG_CXX_LANGUAGE_STANDARD = "gnu++20";
				CLANG_ENABLE_MODULES = YES;
				CLANG_ENABLE_OBJC_ARC = YES;
				CLANG_ENABLE_OBJC_WEAK = YES;
				CLANG_WARN_BLOCK_CAPTURE_AUTORELEASING = YES;
				CLANG_WARN_BOOL_CONVERSION = YES;
				CLANG_WARN_COMMA = YES;
				CLANG_WARN_CONSTANT_CONVERSION = YES;
				CLANG_WARN_DEPRECATED_OBJC_IMPLEMENTATIONS = YES;
				CLANG_WARN_DIRECT_OBJC_ISA_USAGE = YES_ERROR;
				CLANG_WARN_DOCUMENTATION_COMMENTS = YES;
				CLANG_WARN_EMPTY_BODY = YES;
				CLANG_WARN_ENUM_CONVERSION = YES;
				CLANG_WARN_INFINITE_RECURSION = YES;
				CLANG_WARN_INT_CONVERSION = YES;
				CLANG_WARN_NON_LITERAL_NULL_CONVERSION = YES;
				CLANG_WARN_OBJC_IMPLICIT_RETAIN_SELF = YES;
				CLANG_WARN_OBJC_LITERAL_CONVERSION = YES;
				CLANG_WARN_OBJC_ROOT_CLASS = YES_ERROR;
				CLANG_WARN_QUOTED_INCLUDE_IN_FRAMEWORK_HEADER = YES;
				CLANG_WARN_RANGE_LOOP_ANALYSIS = YES;
				CLANG_WARN_STRICT_PROTOTYPES = YES;
				CLANG_WARN_SUSPICIOUS_MOVE = YES;
				CLANG_WARN_UNGUARDED_AVAILABILITY = YES_AGGRESSIVE;
				CLANG_WARN_UNREACHABLE_CODE = YES;
				CLANG_WARN__DUPLICATE_METHOD_MATCH = YES;
				COPY_PHASE_STRIP = NO;
				DEBUG_INFORMATION_FORMAT = "dwarf-with-dsym";
				ENABLE_NS_ASSERTIONS = NO;
				ENABLE_STRICT_OBJC_MSGSEND = YES;
				GCC_C_LANGUAGE_STANDARD = gnu11;
				GCC_NO_COMMON_BLOCKS = YES;
				GCC_WARN_64_TO_32_BIT_CONVERSION = YES;
				GCC_WARN_ABOUT_RETURN_TYPE = YES_ERROR;
				GCC_WARN_UNDECLARED_SELECTOR = YES;
				GCC_WARN_UNINITIALIZED_AUTOS = YES_AGGRESSIVE;
				GCC_WARN_UNUSED_FUNCTION = YES;
				GCC_WARN_UNUSED_VARIABLE = YES;
				IPHONEOS_DEPLOYMENT_TARGET = 16.0;
				MTL_ENABLE_DEBUG_INFO = NO;
				MTL_FAST_MATH = YES;
				SDKROOT = iphoneos;
				SWIFT_COMPILATION_MODE = wholemodule;
				SWIFT_OPTIMIZATION_LEVEL = "-O";
				VALIDATE_PRODUCT = YES;
			};
			name = Release;
		};
		BDCEC0FC2A78EB4D0008CA34 /* Debug */ = {
			isa = XCBuildConfiguration;
			buildSettings = {
				ASSETCATALOG_COMPILER_APPICON_NAME = AppIcon;
				ASSETCATALOG_COMPILER_GLOBAL_ACCENT_COLOR_NAME = AccentColor;
				CODE_SIGN_STYLE = Automatic;
				CURRENT_PROJECT_VERSION = 1;
				DEVELOPMENT_TEAM = LKXH9JRFP8;
				GENERATE_INFOPLIST_FILE = YES;
				INFOPLIST_FILE = Resume/Info.plist;
				INFOPLIST_KEY_UIApplicationSupportsIndirectInputEvents = YES;
				INFOPLIST_KEY_UILaunchStoryboardName = LaunchScreen;
				INFOPLIST_KEY_UISupportedInterfaceOrientations_iPad = "UIInterfaceOrientationPortrait UIInterfaceOrientationPortraitUpsideDown UIInterfaceOrientationLandscapeLeft UIInterfaceOrientationLandscapeRight";
				INFOPLIST_KEY_UISupportedInterfaceOrientations_iPhone = "UIInterfaceOrientationPortrait UIInterfaceOrientationLandscapeLeft UIInterfaceOrientationLandscapeRight";
				IPHONEOS_DEPLOYMENT_TARGET = 14.2;
				LD_RUNPATH_SEARCH_PATHS = (
					"$(inherited)",
					"@executable_path/Frameworks",
				);
				MARKETING_VERSION = 1.0;
				PRODUCT_BUNDLE_IDENTIFIER = com.my.Resume;
				PRODUCT_NAME = "$(TARGET_NAME)";
				SWIFT_EMIT_LOC_STRINGS = YES;
				SWIFT_VERSION = 5.0;
				TARGETED_DEVICE_FAMILY = "1,2";
			};
			name = Debug;
		};
		BDCEC0FD2A78EB4D0008CA34 /* Release */ = {
			isa = XCBuildConfiguration;
			buildSettings = {
				ASSETCATALOG_COMPILER_APPICON_NAME = AppIcon;
				ASSETCATALOG_COMPILER_GLOBAL_ACCENT_COLOR_NAME = AccentColor;
				CODE_SIGN_STYLE = Automatic;
				CURRENT_PROJECT_VERSION = 1;
				DEVELOPMENT_TEAM = LKXH9JRFP8;
				GENERATE_INFOPLIST_FILE = YES;
				INFOPLIST_FILE = Resume/Info.plist;
				INFOPLIST_KEY_UIApplicationSupportsIndirectInputEvents = YES;
				INFOPLIST_KEY_UILaunchStoryboardName = LaunchScreen;
				INFOPLIST_KEY_UISupportedInterfaceOrientations_iPad = "UIInterfaceOrientationPortrait UIInterfaceOrientationPortraitUpsideDown UIInterfaceOrientationLandscapeLeft UIInterfaceOrientationLandscapeRight";
				INFOPLIST_KEY_UISupportedInterfaceOrientations_iPhone = "UIInterfaceOrientationPortrait UIInterfaceOrientationLandscapeLeft UIInterfaceOrientationLandscapeRight";
				IPHONEOS_DEPLOYMENT_TARGET = 14.2;
				LD_RUNPATH_SEARCH_PATHS = (
					"$(inherited)",
					"@executable_path/Frameworks",
				);
				MARKETING_VERSION = 1.0;
				PRODUCT_BUNDLE_IDENTIFIER = com.my.Resume;
				PRODUCT_NAME = "$(TARGET_NAME)";
				SWIFT_EMIT_LOC_STRINGS = YES;
				SWIFT_VERSION = 5.0;
				TARGETED_DEVICE_FAMILY = "1,2";
			};
			name = Release;
		};
/* End XCBuildConfiguration section */

/* Begin XCConfigurationList section */
		BDCEC0E22A78EB4C0008CA34 /* Build configuration list for PBXProject "Resume" */ = {
			isa = XCConfigurationList;
			buildConfigurations = (
				BDCEC0F92A78EB4D0008CA34 /* Debug */,
				BDCEC0FA2A78EB4D0008CA34 /* Release */,
			);
			defaultConfigurationIsVisible = 0;
			defaultConfigurationName = Release;
		};
		BDCEC0FB2A78EB4D0008CA34 /* Build configuration list for PBXNativeTarget "Resume" */ = {
			isa = XCConfigurationList;
			buildConfigurations = (
				BDCEC0FC2A78EB4D0008CA34 /* Debug */,
				BDCEC0FD2A78EB4D0008CA34 /* Release */,
			);
			defaultConfigurationIsVisible = 0;
			defaultConfigurationName = Release;
		};
/* End XCConfigurationList section */
	};
	rootObject = BDCEC0DF2A78EB4C0008CA34 /* Project object */;
}
